
Microsoft Visual Studio Solution File, Format Version 12.00
# Visual Studio Version 17
VisualStudioVersion = 17.4.33103.184
MinimumVisualStudioVersion = 10.0.40219.1
Project("{FAE04EC0-301F-11D3-BF4B-00C04F79EFBC}") = "XUnit_CrudDemo", "XUnit_CrudDemo\XUnit_CrudDemo.csproj", "{443B4D46-CB28-4734-B98A-1C6CC2EBE6BB}"
EndProject
Project("{FAE04EC0-301F-11D3-BF4B-00C04F79EFBC}") = "CrudTests", "CrudTests\CrudTests.csproj", "{8FCDDE4B-3F9B-48E7-A15E-83FEA5BFFD1E}"
EndProject
Global
	GlobalSection(SolutionConfigurationPlatforms) = preSolution
		Debug|Any CPU = Debug|Any CPU
		Release|Any CPU = Release|Any CPU
	EndGlobalSection
	GlobalSection(ProjectConfigurationPlatforms) = postSolution
		{443B4D46-CB28-4734-B98A-1C6CC2EBE6BB}.Debug|Any CPU.ActiveCfg = Debug|Any CPU
		{443B4D46-CB28-4734-B98A-1C6CC2EBE6BB}.Debug|Any CPU.Build.0 = Debug|Any CPU
		{443B4D46-CB28-4734-B98A-1C6CC2EBE6BB}.Release|Any CPU.ActiveCfg = Release|Any CPU
		{443B4D46-CB28-4734-B98A-1C6CC2EBE6BB}.Release|Any CPU.Build.0 = Release|Any CPU
		{8FCDDE4B-3F9B-48E7-A15E-83FEA5BFFD1E}.Debug|Any CPU.ActiveCfg = Debug|Any CPU
		{8FCDDE4B-3F9B-48E7-A15E-83FEA5BFFD1E}.Debug|Any CPU.Build.0 = Debug|Any CPU
		{8FCDDE4B-3F9B-48E7-A15E-83FEA5BFFD1E}.Release|Any CPU.ActiveCfg = Release|Any CPU
		{8FCDDE4B-3F9B-48E7-A15E-83FEA5BFFD1E}.Release|Any CPU.Build.0 = Release|Any CPU
	EndGlobalSection
	GlobalSection(SolutionProperties) = preSolution
		HideSolutionNode = FALSE
	EndGlobalSection
	GlobalSection(ExtensibilityGlobals) = postSolution
		SolutionGuid = {6B579AA9-2C36-4625-8B72-F1F1AC9D64F7}
	EndGlobalSection
EndGlobal
